<?xml version="1.0" encoding="UTF-8"?>
<CodeBlocks_project_file>
	<FileVersion major="1" minor="6"/>
	<Project>
		<Option title="vkRenderer"/>
		<Option makefile_is_custom="1"/>
		<Option compiler="gcc"/>
		<Option virtualFolders="CMake Files\;CMake Files\vkRenderer\;CMake Files\..\;CMake Files\..\..\;CMake Files\..\..\..\;CMake Files\..\..\..\..\;CMake Files\..\..\..\..\..\;CMake Files\..\..\..\..\..\usr\;CMake Files\..\..\..\..\..\usr\lib\;CMake Files\..\..\..\..\..\usr\lib\x86_64-linux-gnu\;CMake Files\..\..\..\..\..\usr\lib\x86_64-linux-gnu\cmake\;CMake Files\..\..\..\..\..\usr\lib\x86_64-linux-gnu\cmake\SDL2\;CMake Files\external\;CMake Files\external\spdlog\;CMake Files\external\spdlog\cmake\;"/>
		<Build>
			<Target title="all">
				<Option working_dir="/home/titus/programming/c++/vkEngine/vkRenderer"/>
				<Option type="4"/>
				<MakeCommands>
					<Build command="/usr/bin/make -f &quot;/home/titus/programming/c++/vkEngine/vkRenderer/Makefile&quot;  VERBOSE=1 all"/>
					<CompileFile command="/usr/bin/make -f &quot;/home/titus/programming/c++/vkEngine/vkRenderer/Makefile&quot;  VERBOSE=1 &quot;$file&quot;"/>
					<Clean command="/usr/bin/make -f &quot;/home/titus/programming/c++/vkEngine/vkRenderer/Makefile&quot;  VERBOSE=1 clean"/>
					<DistClean command="/usr/bin/make -f &quot;/home/titus/programming/c++/vkEngine/vkRenderer/Makefile&quot;  VERBOSE=1 clean"/>
				</MakeCommands>
			</Target>
			<Target title="vkRenderer">
				<Option output="/home/titus/programming/c++/vkEngine/vkRenderer/libvkRenderer.a" prefix_auto="0" extension_auto="0"/>
				<Option working_dir="/home/titus/programming/c++/vkEngine/vkRenderer"/>
				<Option object_output="./"/>
				<Option type="2"/>
				<Option compiler="gcc"/>
				<Compiler>
					<Add directory="/home/titus/programming/c++/vkEngine/vkRenderer/../glm"/>
					<Add directory="/usr/include/SDL2"/>
				</Compiler>
				<MakeCommands>
					<Build command="/usr/bin/make -f &quot;/home/titus/programming/c++/vkEngine/vkRenderer/Makefile&quot;  VERBOSE=1 vkRenderer"/>
					<CompileFile command="/usr/bin/make -f &quot;/home/titus/programming/c++/vkEngine/vkRenderer/Makefile&quot;  VERBOSE=1 &quot;$file&quot;"/>
					<Clean command="/usr/bin/make -f &quot;/home/titus/programming/c++/vkEngine/vkRenderer/Makefile&quot;  VERBOSE=1 clean"/>
					<DistClean command="/usr/bin/make -f &quot;/home/titus/programming/c++/vkEngine/vkRenderer/Makefile&quot;  VERBOSE=1 clean"/>
				</MakeCommands>
			</Target>
			<Target title="vkRenderer/fast">
				<Option output="/home/titus/programming/c++/vkEngine/vkRenderer/libvkRenderer.a" prefix_auto="0" extension_auto="0"/>
				<Option working_dir="/home/titus/programming/c++/vkEngine/vkRenderer"/>
				<Option object_output="./"/>
				<Option type="2"/>
				<Option compiler="gcc"/>
				<Compiler>
					<Add directory="/home/titus/programming/c++/vkEngine/vkRenderer/../glm"/>
					<Add directory="/usr/include/SDL2"/>
				</Compiler>
				<MakeCommands>
					<Build command="/usr/bin/make -f &quot;/home/titus/programming/c++/vkEngine/vkRenderer/Makefile&quot;  VERBOSE=1 vkRenderer/fast"/>
					<CompileFile command="/usr/bin/make -f &quot;/home/titus/programming/c++/vkEngine/vkRenderer/Makefile&quot;  VERBOSE=1 &quot;$file&quot;"/>
					<Clean command="/usr/bin/make -f &quot;/home/titus/programming/c++/vkEngine/vkRenderer/Makefile&quot;  VERBOSE=1 clean"/>
					<DistClean command="/usr/bin/make -f &quot;/home/titus/programming/c++/vkEngine/vkRenderer/Makefile&quot;  VERBOSE=1 clean"/>
				</MakeCommands>
			</Target>
		</Build>
		<Unit filename="/home/titus/programming/c++/vkEngine/vkRenderer/MoeDrawable.hpp">
			<Option target="vkRenderer"/>
		</Unit>
		<Unit filename="/home/titus/programming/c++/vkEngine/vkRenderer/MoeVertex.hpp">
			<Option target="vkRenderer"/>
		</Unit>
		<Unit filename="/home/titus/programming/c++/vkEngine/vkRenderer/MoeVkBuffer.cpp">
			<Option target="vkRenderer"/>
		</Unit>
		<Unit filename="/home/titus/programming/c++/vkEngine/vkRenderer/MoeVkBuffer.hpp">
			<Option target="vkRenderer"/>
		</Unit>
		<Unit filename="/home/titus/programming/c++/vkEngine/vkRenderer/MoeVkCommandPool.cpp">
			<Option target="vkRenderer"/>
		</Unit>
		<Unit filename="/home/titus/programming/c++/vkEngine/vkRenderer/MoeVkCommandPool.hpp">
			<Option target="vkRenderer"/>
		</Unit>
		<Unit filename="/home/titus/programming/c++/vkEngine/vkRenderer/MoeVkFence.cpp">
			<Option target="vkRenderer"/>
		</Unit>
		<Unit filename="/home/titus/programming/c++/vkEngine/vkRenderer/MoeVkFence.hpp">
			<Option target="vkRenderer"/>
		</Unit>
		<Unit filename="/home/titus/programming/c++/vkEngine/vkRenderer/MoeVkFramebuffer.cpp">
			<Option target="vkRenderer"/>
		</Unit>
		<Unit filename="/home/titus/programming/c++/vkEngine/vkRenderer/MoeVkFramebuffer.hpp">
			<Option target="vkRenderer"/>
		</Unit>
		<Unit filename="/home/titus/programming/c++/vkEngine/vkRenderer/MoeVkFunctions.hpp">
			<Option target="vkRenderer"/>
		</Unit>
		<Unit filename="/home/titus/programming/c++/vkEngine/vkRenderer/MoeVkInstance.cpp">
			<Option target="vkRenderer"/>
		</Unit>
		<Unit filename="/home/titus/programming/c++/vkEngine/vkRenderer/MoeVkInstance.hpp">
			<Option target="vkRenderer"/>
		</Unit>
		<Unit filename="/home/titus/programming/c++/vkEngine/vkRenderer/MoeVkLogicalDevice.cpp">
			<Option target="vkRenderer"/>
		</Unit>
		<Unit filename="/home/titus/programming/c++/vkEngine/vkRenderer/MoeVkLogicalDevice.hpp">
			<Option target="vkRenderer"/>
		</Unit>
		<Unit filename="/home/titus/programming/c++/vkEngine/vkRenderer/MoeVkPhysicalDevice.cpp">
			<Option target="vkRenderer"/>
		</Unit>
		<Unit filename="/home/titus/programming/c++/vkEngine/vkRenderer/MoeVkPhysicalDevice.hpp">
			<Option target="vkRenderer"/>
		</Unit>
		<Unit filename="/home/titus/programming/c++/vkEngine/vkRenderer/MoeVkPipeline.cpp">
			<Option target="vkRenderer"/>
		</Unit>
		<Unit filename="/home/titus/programming/c++/vkEngine/vkRenderer/MoeVkPipeline.hpp">
			<Option target="vkRenderer"/>
		</Unit>
		<Unit filename="/home/titus/programming/c++/vkEngine/vkRenderer/MoeVkQueueFamily.hpp">
			<Option target="vkRenderer"/>
		</Unit>
		<Unit filename="/home/titus/programming/c++/vkEngine/vkRenderer/MoeVkRenderer.cpp">
			<Option target="vkRenderer"/>
		</Unit>
		<Unit filename="/home/titus/programming/c++/vkEngine/vkRenderer/MoeVkRenderer.hpp">
			<Option target="vkRenderer"/>
		</Unit>
		<Unit filename="/home/titus/programming/c++/vkEngine/vkRenderer/MoeVkSemaphore.cpp">
			<Option target="vkRenderer"/>
		</Unit>
		<Unit filename="/home/titus/programming/c++/vkEngine/vkRenderer/MoeVkSemaphore.hpp">
			<Option target="vkRenderer"/>
		</Unit>
		<Unit filename="/home/titus/programming/c++/vkEngine/vkRenderer/MoeVkSwapChain.cpp">
			<Option target="vkRenderer"/>
		</Unit>
		<Unit filename="/home/titus/programming/c++/vkEngine/vkRenderer/MoeVkSwapChain.hpp">
			<Option target="vkRenderer"/>
		</Unit>
		<Unit filename="/home/titus/programming/c++/vkEngine/vkRenderer/MoeVkSwapChainProps.hpp">
			<Option target="vkRenderer"/>
		</Unit>
		<Unit filename="/home/titus/programming/c++/vkEngine/vkRenderer/MoeVkVertexBuffer.cpp">
			<Option target="vkRenderer"/>
		</Unit>
		<Unit filename="/home/titus/programming/c++/vkEngine/vkRenderer/MoeVkVertexBuffer.hpp">
			<Option target="vkRenderer"/>
		</Unit>
		<Unit filename="/home/titus/programming/c++/vkEngine/vkRenderer/VkWindow.cpp">
			<Option target="vkRenderer"/>
		</Unit>
		<Unit filename="/home/titus/programming/c++/vkEngine/vkRenderer/VkWindow.hpp">
			<Option target="vkRenderer"/>
		</Unit>
		<Unit filename="/home/titus/programming/c++/vkEngine/CMakeLists.txt">
			<Option virtualFolder="CMake Files\"/>
		</Unit>
		<Unit filename="/home/titus/programming/c++/vkEngine/vkRenderer/CMakeLists.txt">
			<Option virtualFolder="CMake Files\vkRenderer\"/>
		</Unit>
		<Unit filename="/home/titus/programming/c++/vkEngine/../../../../../usr/lib/x86_64-linux-gnu/cmake/SDL2/sdl2-config.cmake">
			<Option virtualFolder="CMake Files\..\..\..\..\..\usr\lib\x86_64-linux-gnu\cmake\SDL2\"/>
		</Unit>
		<Unit filename="/home/titus/programming/c++/vkEngine/external/spdlog/CMakeLists.txt">
			<Option virtualFolder="CMake Files\external\spdlog\"/>
		</Unit>
		<Unit filename="/home/titus/programming/c++/vkEngine/external/spdlog/cmake/ide.cmake">
			<Option virtualFolder="CMake Files\external\spdlog\cmake\"/>
		</Unit>
		<Unit filename="/home/titus/programming/c++/vkEngine/external/spdlog/cmake/utils.cmake">
			<Option virtualFolder="CMake Files\external\spdlog\cmake\"/>
		</Unit>
	</Project>
</CodeBlocks_project_file>
