<?xml version="1.0" encoding="UTF-8"?>
<CodeBlocks_project_file>
	<FileVersion major="1" minor="6"/>
	<Project>
		<Option title="vkRenderer"/>
		<Option makefile_is_custom="1"/>
		<Option compiler="gcc"/>
		<Option virtualFolders="CMake Files\;CMake Files\vkRenderer\;CMake Files\..\;CMake Files\..\..\;CMake Files\..\..\..\;CMake Files\..\..\..\..\;CMake Files\..\..\..\..\..\;CMake Files\..\..\..\..\..\usr\;CMake Files\..\..\..\..\..\usr\lib\;CMake Files\..\..\..\..\..\usr\lib\x86_64-linux-gnu\;CMake Files\..\..\..\..\..\usr\lib\x86_64-linux-gnu\cmake\;CMake Files\..\..\..\..\..\usr\lib\x86_64-linux-gnu\cmake\SDL2\;CMake Files\external\;CMake Files\external\spdlog\;CMake Files\external\spdlog\cmake\;"/>
		<Build>
			<Target title="all">
				<Option working_dir="/home/titus/programming/c++/vkEngine/vkRenderer"/>
				<Option type="4"/>
				<MakeCommands>
					<Build command="/usr/bin/make -f &quot;/home/titus/programming/c++/vkEngine/vkRenderer/Makefile&quot;  VERBOSE=1 all"/>
					<CompileFile command="/usr/bin/make -f &quot;/home/titus/programming/c++/vkEngine/vkRenderer/Makefile&quot;  VERBOSE=1 &quot;$file&quot;"/>
					<Clean command="/usr/bin/make -f &quot;/home/titus/programming/c++/vkEngine/vkRenderer/Makefile&quot;  VERBOSE=1 clean"/>
					<DistClean command="/usr/bin/make -f &quot;/home/titus/programming/c++/vkEngine/vkRenderer/Makefile&quot;  VERBOSE=1 clean"/>
				</MakeCommands>
			</Target>
			<Target title="vkRenderer">
				<Option output="/home/titus/programming/c++/vkEngine/vkRenderer/libvkRenderer.a" prefix_auto="0" extension_auto="0"/>
				<Option working_dir="/home/titus/programming/c++/vkEngine/vkRenderer"/>
				<Option object_output="./"/>
				<Option type="2"/>
				<Option compiler="gcc"/>
				<Compiler>
					<Add option="-DSPDLOG_COMPILED_LIB"/>
					<Add directory="/home/titus/programming/c++/vkEngine/vkRenderer/../glm"/>
					<Add directory="/usr/include/SDL2"/>
					<Add directory="/home/titus/programming/c++/vkEngine/external/spdlog/include"/>
				</Compiler>
				<MakeCommands>
					<Build command="/usr/bin/make -f &quot;/home/titus/programming/c++/vkEngine/vkRenderer/Makefile&quot;  VERBOSE=1 vkRenderer"/>
					<CompileFile command="/usr/bin/make -f &quot;/home/titus/programming/c++/vkEngine/vkRenderer/Makefile&quot;  VERBOSE=1 &quot;$file&quot;"/>
					<Clean command="/usr/bin/make -f &quot;/home/titus/programming/c++/vkEngine/vkRenderer/Makefile&quot;  VERBOSE=1 clean"/>
					<DistClean command="/usr/bin/make -f &quot;/home/titus/programming/c++/vkEngine/vkRenderer/Makefile&quot;  VERBOSE=1 clean"/>
				</MakeCommands>
			</Target>
			<Target title="vkRenderer/fast">
				<Option output="/home/titus/programming/c++/vkEngine/vkRenderer/libvkRenderer.a" prefix_auto="0" extension_auto="0"/>
				<Option working_dir="/home/titus/programming/c++/vkEngine/vkRenderer"/>
				<Option object_output="./"/>
				<Option type="2"/>
				<Option compiler="gcc"/>
				<Compiler>
					<Add option="-DSPDLOG_COMPILED_LIB"/>
					<Add directory="/home/titus/programming/c++/vkEngine/vkRenderer/../glm"/>
					<Add directory="/usr/include/SDL2"/>
					<Add directory="/home/titus/programming/c++/vkEngine/external/spdlog/include"/>
				</Compiler>
				<MakeCommands>
					<Build command="/usr/bin/make -f &quot;/home/titus/programming/c++/vkEngine/vkRenderer/Makefile&quot;  VERBOSE=1 vkRenderer/fast"/>
					<CompileFile command="/usr/bin/make -f &quot;/home/titus/programming/c++/vkEngine/vkRenderer/Makefile&quot;  VERBOSE=1 &quot;$file&quot;"/>
					<Clean command="/usr/bin/make -f &quot;/home/titus/programming/c++/vkEngine/vkRenderer/Makefile&quot;  VERBOSE=1 clean"/>
					<DistClean command="/usr/bin/make -f &quot;/home/titus/programming/c++/vkEngine/vkRenderer/Makefile&quot;  VERBOSE=1 clean"/>
				</MakeCommands>
			</Target>
		</Build>
		<Unit filename="/home/titus/programming/c++/vkEngine/vkRenderer/MoeDrawable.hpp">
			<Option target="vkRenderer"/>
		</Unit>
		<Unit filename="/home/titus/programming/c++/vkEngine/vkRenderer/MoeVertex.hpp">
			<Option target="vkRenderer"/>
		</Unit>
		<Unit filename="/home/titus/programming/c++/vkEngine/vkRenderer/MoeVkDrawable.cpp">
			<Option target="vkRenderer"/>
		</Unit>
		<Unit filename="/home/titus/programming/c++/vkEngine/vkRenderer/MoeVkDrawable.hpp">
			<Option target="vkRenderer"/>
		</Unit>
		<Unit filename="/home/titus/programming/c++/vkEngine/vkRenderer/MoeVkRenderer.cpp">
			<Option target="vkRenderer"/>
		</Unit>
		<Unit filename="/home/titus/programming/c++/vkEngine/vkRenderer/MoeVkRenderer.hpp">
			<Option target="vkRenderer"/>
		</Unit>
		<Unit filename="/home/titus/programming/c++/vkEngine/vkRenderer/MoeVkRendererCommandBuffer.cpp">
			<Option target="vkRenderer"/>
		</Unit>
		<Unit filename="/home/titus/programming/c++/vkEngine/vkRenderer/MoeVkRendererCommandBuffer.hpp">
			<Option target="vkRenderer"/>
		</Unit>
		<Unit filename="/home/titus/programming/c++/vkEngine/vkRenderer/VkWindow.cpp">
			<Option target="vkRenderer"/>
		</Unit>
		<Unit filename="/home/titus/programming/c++/vkEngine/vkRenderer/VkWindow.hpp">
			<Option target="vkRenderer"/>
		</Unit>
		<Unit filename="/home/titus/programming/c++/vkEngine/vkRenderer/stb_image.h">
			<Option target="vkRenderer"/>
		</Unit>
		<Unit filename="/home/titus/programming/c++/vkEngine/vkRenderer/wrapper/MoeDepthTexture.cpp">
			<Option target="vkRenderer"/>
		</Unit>
		<Unit filename="/home/titus/programming/c++/vkEngine/vkRenderer/wrapper/MoeDepthTexture.hpp">
			<Option target="vkRenderer"/>
		</Unit>
		<Unit filename="/home/titus/programming/c++/vkEngine/vkRenderer/wrapper/MoeTexture.cpp">
			<Option target="vkRenderer"/>
		</Unit>
		<Unit filename="/home/titus/programming/c++/vkEngine/vkRenderer/wrapper/MoeTexture.hpp">
			<Option target="vkRenderer"/>
		</Unit>
		<Unit filename="/home/titus/programming/c++/vkEngine/vkRenderer/wrapper/MoeVkArrayBuffer.hpp">
			<Option target="vkRenderer"/>
		</Unit>
		<Unit filename="/home/titus/programming/c++/vkEngine/vkRenderer/wrapper/MoeVkBuffer.cpp">
			<Option target="vkRenderer"/>
		</Unit>
		<Unit filename="/home/titus/programming/c++/vkEngine/vkRenderer/wrapper/MoeVkBuffer.hpp">
			<Option target="vkRenderer"/>
		</Unit>
		<Unit filename="/home/titus/programming/c++/vkEngine/vkRenderer/wrapper/MoeVkCommandBuffer.cpp">
			<Option target="vkRenderer"/>
		</Unit>
		<Unit filename="/home/titus/programming/c++/vkEngine/vkRenderer/wrapper/MoeVkCommandBuffer.hpp">
			<Option target="vkRenderer"/>
		</Unit>
		<Unit filename="/home/titus/programming/c++/vkEngine/vkRenderer/wrapper/MoeVkCommandPool.cpp">
			<Option target="vkRenderer"/>
		</Unit>
		<Unit filename="/home/titus/programming/c++/vkEngine/vkRenderer/wrapper/MoeVkCommandPool.hpp">
			<Option target="vkRenderer"/>
		</Unit>
		<Unit filename="/home/titus/programming/c++/vkEngine/vkRenderer/wrapper/MoeVkDescriptorPool.cpp">
			<Option target="vkRenderer"/>
		</Unit>
		<Unit filename="/home/titus/programming/c++/vkEngine/vkRenderer/wrapper/MoeVkDescriptorPool.hpp">
			<Option target="vkRenderer"/>
		</Unit>
		<Unit filename="/home/titus/programming/c++/vkEngine/vkRenderer/wrapper/MoeVkDescriptorSet.cpp">
			<Option target="vkRenderer"/>
		</Unit>
		<Unit filename="/home/titus/programming/c++/vkEngine/vkRenderer/wrapper/MoeVkDescriptorSet.hpp">
			<Option target="vkRenderer"/>
		</Unit>
		<Unit filename="/home/titus/programming/c++/vkEngine/vkRenderer/wrapper/MoeVkFence.cpp">
			<Option target="vkRenderer"/>
		</Unit>
		<Unit filename="/home/titus/programming/c++/vkEngine/vkRenderer/wrapper/MoeVkFence.hpp">
			<Option target="vkRenderer"/>
		</Unit>
		<Unit filename="/home/titus/programming/c++/vkEngine/vkRenderer/wrapper/MoeVkFramebuffer.cpp">
			<Option target="vkRenderer"/>
		</Unit>
		<Unit filename="/home/titus/programming/c++/vkEngine/vkRenderer/wrapper/MoeVkFramebuffer.hpp">
			<Option target="vkRenderer"/>
		</Unit>
		<Unit filename="/home/titus/programming/c++/vkEngine/vkRenderer/wrapper/MoeVkFunctions.hpp">
			<Option target="vkRenderer"/>
		</Unit>
		<Unit filename="/home/titus/programming/c++/vkEngine/vkRenderer/wrapper/MoeVkImage.cpp">
			<Option target="vkRenderer"/>
		</Unit>
		<Unit filename="/home/titus/programming/c++/vkEngine/vkRenderer/wrapper/MoeVkImage.hpp">
			<Option target="vkRenderer"/>
		</Unit>
		<Unit filename="/home/titus/programming/c++/vkEngine/vkRenderer/wrapper/MoeVkInstance.cpp">
			<Option target="vkRenderer"/>
		</Unit>
		<Unit filename="/home/titus/programming/c++/vkEngine/vkRenderer/wrapper/MoeVkInstance.hpp">
			<Option target="vkRenderer"/>
		</Unit>
		<Unit filename="/home/titus/programming/c++/vkEngine/vkRenderer/wrapper/MoeVkLogicalDevice.cpp">
			<Option target="vkRenderer"/>
		</Unit>
		<Unit filename="/home/titus/programming/c++/vkEngine/vkRenderer/wrapper/MoeVkLogicalDevice.hpp">
			<Option target="vkRenderer"/>
		</Unit>
		<Unit filename="/home/titus/programming/c++/vkEngine/vkRenderer/wrapper/MoeVkPhysicalDevice.cpp">
			<Option target="vkRenderer"/>
		</Unit>
		<Unit filename="/home/titus/programming/c++/vkEngine/vkRenderer/wrapper/MoeVkPhysicalDevice.hpp">
			<Option target="vkRenderer"/>
		</Unit>
		<Unit filename="/home/titus/programming/c++/vkEngine/vkRenderer/wrapper/MoeVkPipeline.cpp">
			<Option target="vkRenderer"/>
		</Unit>
		<Unit filename="/home/titus/programming/c++/vkEngine/vkRenderer/wrapper/MoeVkPipeline.hpp">
			<Option target="vkRenderer"/>
		</Unit>
		<Unit filename="/home/titus/programming/c++/vkEngine/vkRenderer/wrapper/MoeVkQueueFamily.hpp">
			<Option target="vkRenderer"/>
		</Unit>
		<Unit filename="/home/titus/programming/c++/vkEngine/vkRenderer/wrapper/MoeVkSemaphore.cpp">
			<Option target="vkRenderer"/>
		</Unit>
		<Unit filename="/home/titus/programming/c++/vkEngine/vkRenderer/wrapper/MoeVkSemaphore.hpp">
			<Option target="vkRenderer"/>
		</Unit>
		<Unit filename="/home/titus/programming/c++/vkEngine/vkRenderer/wrapper/MoeVkSwapChain.cpp">
			<Option target="vkRenderer"/>
		</Unit>
		<Unit filename="/home/titus/programming/c++/vkEngine/vkRenderer/wrapper/MoeVkSwapChain.hpp">
			<Option target="vkRenderer"/>
		</Unit>
		<Unit filename="/home/titus/programming/c++/vkEngine/vkRenderer/wrapper/MoeVkSwapChainProps.hpp">
			<Option target="vkRenderer"/>
		</Unit>
		<Unit filename="/home/titus/programming/c++/vkEngine/vkRenderer/wrapper/MoeVkUtils.hpp">
			<Option target="vkRenderer"/>
		</Unit>
		<Unit filename="/home/titus/programming/c++/vkEngine/CMakeLists.txt">
			<Option virtualFolder="CMake Files\"/>
		</Unit>
		<Unit filename="/home/titus/programming/c++/vkEngine/vkRenderer/CMakeLists.txt">
			<Option virtualFolder="CMake Files\vkRenderer\"/>
		</Unit>
		<Unit filename="/home/titus/programming/c++/vkEngine/../../../../../usr/lib/x86_64-linux-gnu/cmake/SDL2/sdl2-config.cmake">
			<Option virtualFolder="CMake Files\..\..\..\..\..\usr\lib\x86_64-linux-gnu\cmake\SDL2\"/>
		</Unit>
		<Unit filename="/home/titus/programming/c++/vkEngine/external/spdlog/CMakeLists.txt">
			<Option virtualFolder="CMake Files\external\spdlog\"/>
		</Unit>
		<Unit filename="/home/titus/programming/c++/vkEngine/external/spdlog/cmake/ide.cmake">
			<Option virtualFolder="CMake Files\external\spdlog\cmake\"/>
		</Unit>
		<Unit filename="/home/titus/programming/c++/vkEngine/external/spdlog/cmake/utils.cmake">
			<Option virtualFolder="CMake Files\external\spdlog\cmake\"/>
		</Unit>
	</Project>
</CodeBlocks_project_file>
