<?xml version="1.0" encoding="UTF-8"?>
<CodeBlocks_project_file>
	<FileVersion major="1" minor="6"/>
	<Project>
		<Option title="moe"/>
		<Option makefile_is_custom="1"/>
		<Option compiler="gcc"/>
		<Option virtualFolders="CMake Files\;CMake Files\..\;CMake Files\..\..\;CMake Files\..\..\..\;CMake Files\..\..\..\..\;CMake Files\..\..\..\..\..\;CMake Files\..\..\..\..\..\usr\;CMake Files\..\..\..\..\..\usr\lib\;CMake Files\..\..\..\..\..\usr\lib\x86_64-linux-gnu\;CMake Files\..\..\..\..\..\usr\lib\x86_64-linux-gnu\cmake\;CMake Files\..\..\..\..\..\usr\lib\x86_64-linux-gnu\cmake\SDL2\;"/>
		<Build>
			<Target title="all">
				<Option working_dir="/home/titus/programming/c++/vkEngine"/>
				<Option type="4"/>
				<MakeCommands>
					<Build command="/usr/bin/make -f &quot;/home/titus/programming/c++/vkEngine/Makefile&quot;  VERBOSE=1 all"/>
					<CompileFile command="/usr/bin/make -f &quot;/home/titus/programming/c++/vkEngine/Makefile&quot;  VERBOSE=1 &quot;$file&quot;"/>
					<Clean command="/usr/bin/make -f &quot;/home/titus/programming/c++/vkEngine/Makefile&quot;  VERBOSE=1 clean"/>
					<DistClean command="/usr/bin/make -f &quot;/home/titus/programming/c++/vkEngine/Makefile&quot;  VERBOSE=1 clean"/>
				</MakeCommands>
			</Target>
			<Target title="rebuild_cache">
				<Option working_dir="/home/titus/programming/c++/vkEngine"/>
				<Option type="4"/>
				<MakeCommands>
					<Build command="/usr/bin/make -f &quot;/home/titus/programming/c++/vkEngine/Makefile&quot;  VERBOSE=1 rebuild_cache"/>
					<CompileFile command="/usr/bin/make -f &quot;/home/titus/programming/c++/vkEngine/Makefile&quot;  VERBOSE=1 &quot;$file&quot;"/>
					<Clean command="/usr/bin/make -f &quot;/home/titus/programming/c++/vkEngine/Makefile&quot;  VERBOSE=1 clean"/>
					<DistClean command="/usr/bin/make -f &quot;/home/titus/programming/c++/vkEngine/Makefile&quot;  VERBOSE=1 clean"/>
				</MakeCommands>
			</Target>
			<Target title="vkEngine">
				<Option output="/home/titus/programming/c++/vkEngine/vkEngine" prefix_auto="0" extension_auto="0"/>
				<Option working_dir="/home/titus/programming/c++/vkEngine"/>
				<Option object_output="./"/>
				<Option type="1"/>
				<Option compiler="gcc"/>
				<Compiler>
					<Add directory="/usr/include/SDL2"/>
				</Compiler>
				<MakeCommands>
					<Build command="/usr/bin/make -f &quot;/home/titus/programming/c++/vkEngine/Makefile&quot;  VERBOSE=1 vkEngine"/>
					<CompileFile command="/usr/bin/make -f &quot;/home/titus/programming/c++/vkEngine/Makefile&quot;  VERBOSE=1 &quot;$file&quot;"/>
					<Clean command="/usr/bin/make -f &quot;/home/titus/programming/c++/vkEngine/Makefile&quot;  VERBOSE=1 clean"/>
					<DistClean command="/usr/bin/make -f &quot;/home/titus/programming/c++/vkEngine/Makefile&quot;  VERBOSE=1 clean"/>
				</MakeCommands>
			</Target>
			<Target title="vkEngine/fast">
				<Option output="/home/titus/programming/c++/vkEngine/vkEngine" prefix_auto="0" extension_auto="0"/>
				<Option working_dir="/home/titus/programming/c++/vkEngine"/>
				<Option object_output="./"/>
				<Option type="1"/>
				<Option compiler="gcc"/>
				<Compiler>
					<Add directory="/usr/include/SDL2"/>
				</Compiler>
				<MakeCommands>
					<Build command="/usr/bin/make -f &quot;/home/titus/programming/c++/vkEngine/Makefile&quot;  VERBOSE=1 vkEngine/fast"/>
					<CompileFile command="/usr/bin/make -f &quot;/home/titus/programming/c++/vkEngine/Makefile&quot;  VERBOSE=1 &quot;$file&quot;"/>
					<Clean command="/usr/bin/make -f &quot;/home/titus/programming/c++/vkEngine/Makefile&quot;  VERBOSE=1 clean"/>
					<DistClean command="/usr/bin/make -f &quot;/home/titus/programming/c++/vkEngine/Makefile&quot;  VERBOSE=1 clean"/>
				</MakeCommands>
			</Target>
			<Target title="edit_cache">
				<Option working_dir="/home/titus/programming/c++/vkEngine"/>
				<Option type="4"/>
				<MakeCommands>
					<Build command="/usr/bin/make -f &quot;/home/titus/programming/c++/vkEngine/Makefile&quot;  VERBOSE=1 edit_cache"/>
					<CompileFile command="/usr/bin/make -f &quot;/home/titus/programming/c++/vkEngine/Makefile&quot;  VERBOSE=1 &quot;$file&quot;"/>
					<Clean command="/usr/bin/make -f &quot;/home/titus/programming/c++/vkEngine/Makefile&quot;  VERBOSE=1 clean"/>
					<DistClean command="/usr/bin/make -f &quot;/home/titus/programming/c++/vkEngine/Makefile&quot;  VERBOSE=1 clean"/>
				</MakeCommands>
			</Target>
		</Build>
		<Unit filename="/home/titus/programming/c++/vkEngine/Colors/ColorRGB.hpp">
			<Option target="vkEngine"/>
		</Unit>
		<Unit filename="/home/titus/programming/c++/vkEngine/main.cpp">
			<Option target="vkEngine"/>
		</Unit>
		<Unit filename="/home/titus/programming/c++/vkEngine/vkRenderer/MoeVkCommandPool.cpp">
			<Option target="vkEngine"/>
		</Unit>
		<Unit filename="/home/titus/programming/c++/vkEngine/vkRenderer/MoeVkCommandPool.hpp">
			<Option target="vkEngine"/>
		</Unit>
		<Unit filename="/home/titus/programming/c++/vkEngine/vkRenderer/MoeVkFence.cpp">
			<Option target="vkEngine"/>
		</Unit>
		<Unit filename="/home/titus/programming/c++/vkEngine/vkRenderer/MoeVkFence.hpp">
			<Option target="vkEngine"/>
		</Unit>
		<Unit filename="/home/titus/programming/c++/vkEngine/vkRenderer/MoeVkFramebuffer.cpp">
			<Option target="vkEngine"/>
		</Unit>
		<Unit filename="/home/titus/programming/c++/vkEngine/vkRenderer/MoeVkFramebuffer.hpp">
			<Option target="vkEngine"/>
		</Unit>
		<Unit filename="/home/titus/programming/c++/vkEngine/vkRenderer/MoeVkFunctions.hpp">
			<Option target="vkEngine"/>
		</Unit>
		<Unit filename="/home/titus/programming/c++/vkEngine/vkRenderer/MoeVkInstance.cpp">
			<Option target="vkEngine"/>
		</Unit>
		<Unit filename="/home/titus/programming/c++/vkEngine/vkRenderer/MoeVkInstance.hpp">
			<Option target="vkEngine"/>
		</Unit>
		<Unit filename="/home/titus/programming/c++/vkEngine/vkRenderer/MoeVkLogicalDevice.cpp">
			<Option target="vkEngine"/>
		</Unit>
		<Unit filename="/home/titus/programming/c++/vkEngine/vkRenderer/MoeVkLogicalDevice.hpp">
			<Option target="vkEngine"/>
		</Unit>
		<Unit filename="/home/titus/programming/c++/vkEngine/vkRenderer/MoeVkPhysicalDevice.cpp">
			<Option target="vkEngine"/>
		</Unit>
		<Unit filename="/home/titus/programming/c++/vkEngine/vkRenderer/MoeVkPhysicalDevice.hpp">
			<Option target="vkEngine"/>
		</Unit>
		<Unit filename="/home/titus/programming/c++/vkEngine/vkRenderer/MoeVkPipeline.cpp">
			<Option target="vkEngine"/>
		</Unit>
		<Unit filename="/home/titus/programming/c++/vkEngine/vkRenderer/MoeVkPipeline.hpp">
			<Option target="vkEngine"/>
		</Unit>
		<Unit filename="/home/titus/programming/c++/vkEngine/vkRenderer/MoeVkQueueFamily.hpp">
			<Option target="vkEngine"/>
		</Unit>
		<Unit filename="/home/titus/programming/c++/vkEngine/vkRenderer/MoeVkRenderer.cpp">
			<Option target="vkEngine"/>
		</Unit>
		<Unit filename="/home/titus/programming/c++/vkEngine/vkRenderer/MoeVkRenderer.hpp">
			<Option target="vkEngine"/>
		</Unit>
		<Unit filename="/home/titus/programming/c++/vkEngine/vkRenderer/MoeVkSemaphore.cpp">
			<Option target="vkEngine"/>
		</Unit>
		<Unit filename="/home/titus/programming/c++/vkEngine/vkRenderer/MoeVkSemaphore.hpp">
			<Option target="vkEngine"/>
		</Unit>
		<Unit filename="/home/titus/programming/c++/vkEngine/vkRenderer/MoeVkSwapChain.cpp">
			<Option target="vkEngine"/>
		</Unit>
		<Unit filename="/home/titus/programming/c++/vkEngine/vkRenderer/MoeVkSwapChain.hpp">
			<Option target="vkEngine"/>
		</Unit>
		<Unit filename="/home/titus/programming/c++/vkEngine/vkRenderer/MoeVkSwapChainProps.hpp">
			<Option target="vkEngine"/>
		</Unit>
		<Unit filename="/home/titus/programming/c++/vkEngine/vkRenderer/VkWindow.cpp">
			<Option target="vkEngine"/>
		</Unit>
		<Unit filename="/home/titus/programming/c++/vkEngine/vkRenderer/VkWindow.hpp">
			<Option target="vkEngine"/>
		</Unit>
		<Unit filename="/home/titus/programming/c++/vkEngine/CMakeLists.txt">
			<Option virtualFolder="CMake Files\"/>
		</Unit>
		<Unit filename="/home/titus/programming/c++/vkEngine/../../../../../usr/lib/x86_64-linux-gnu/cmake/SDL2/sdl2-config.cmake">
			<Option virtualFolder="CMake Files\..\..\..\..\..\usr\lib\x86_64-linux-gnu\cmake\SDL2\"/>
		</Unit>
	</Project>
</CodeBlocks_project_file>
