<?xml version="1.0" encoding="UTF-8"?>
<CodeBlocks_project_file>
	<FileVersion major="1" minor="6"/>
	<Project>
		<Option title="moeExceptions"/>
		<Option makefile_is_custom="1"/>
		<Option compiler="gcc"/>
		<Option virtualFolders="CMake Files\;CMake Files\vkRenderer\;CMake Files\..\;CMake Files\..\..\;CMake Files\..\..\..\;CMake Files\..\..\..\..\;CMake Files\..\..\..\..\..\;CMake Files\..\..\..\..\..\usr\;CMake Files\..\..\..\..\..\usr\lib\;CMake Files\..\..\..\..\..\usr\lib\x86_64-linux-gnu\;CMake Files\..\..\..\..\..\usr\lib\x86_64-linux-gnu\cmake\;CMake Files\..\..\..\..\..\usr\lib\x86_64-linux-gnu\cmake\SDL2\;CMake Files\Exceptions\;CMake Files\external\;CMake Files\external\spdlog\;CMake Files\external\spdlog\cmake\;"/>
		<Build>
			<Target title="all">
				<Option working_dir="/home/titus/programming/c++/vkEngine/Exceptions"/>
				<Option type="4"/>
				<MakeCommands>
					<Build command="/usr/bin/make -f &quot;/home/titus/programming/c++/vkEngine/Exceptions/Makefile&quot;  VERBOSE=1 all"/>
					<CompileFile command="/usr/bin/make -f &quot;/home/titus/programming/c++/vkEngine/Exceptions/Makefile&quot;  VERBOSE=1 &quot;$file&quot;"/>
					<Clean command="/usr/bin/make -f &quot;/home/titus/programming/c++/vkEngine/Exceptions/Makefile&quot;  VERBOSE=1 clean"/>
					<DistClean command="/usr/bin/make -f &quot;/home/titus/programming/c++/vkEngine/Exceptions/Makefile&quot;  VERBOSE=1 clean"/>
				</MakeCommands>
			</Target>
			<Target title="moeExceptions">
				<Option output="/home/titus/programming/c++/vkEngine/Exceptions/libmoeExceptions.a" prefix_auto="0" extension_auto="0"/>
				<Option working_dir="/home/titus/programming/c++/vkEngine/Exceptions"/>
				<Option object_output="./"/>
				<Option type="2"/>
				<Option compiler="gcc"/>
				<Compiler>
					<Add directory="/home/titus/programming/c++/vkEngine/Exceptions/../Exceptions"/>
				</Compiler>
				<MakeCommands>
					<Build command="/usr/bin/make -f &quot;/home/titus/programming/c++/vkEngine/Exceptions/Makefile&quot;  VERBOSE=1 moeExceptions"/>
					<CompileFile command="/usr/bin/make -f &quot;/home/titus/programming/c++/vkEngine/Exceptions/Makefile&quot;  VERBOSE=1 &quot;$file&quot;"/>
					<Clean command="/usr/bin/make -f &quot;/home/titus/programming/c++/vkEngine/Exceptions/Makefile&quot;  VERBOSE=1 clean"/>
					<DistClean command="/usr/bin/make -f &quot;/home/titus/programming/c++/vkEngine/Exceptions/Makefile&quot;  VERBOSE=1 clean"/>
				</MakeCommands>
			</Target>
			<Target title="moeExceptions/fast">
				<Option output="/home/titus/programming/c++/vkEngine/Exceptions/libmoeExceptions.a" prefix_auto="0" extension_auto="0"/>
				<Option working_dir="/home/titus/programming/c++/vkEngine/Exceptions"/>
				<Option object_output="./"/>
				<Option type="2"/>
				<Option compiler="gcc"/>
				<Compiler>
					<Add directory="/home/titus/programming/c++/vkEngine/Exceptions/../Exceptions"/>
				</Compiler>
				<MakeCommands>
					<Build command="/usr/bin/make -f &quot;/home/titus/programming/c++/vkEngine/Exceptions/Makefile&quot;  VERBOSE=1 moeExceptions/fast"/>
					<CompileFile command="/usr/bin/make -f &quot;/home/titus/programming/c++/vkEngine/Exceptions/Makefile&quot;  VERBOSE=1 &quot;$file&quot;"/>
					<Clean command="/usr/bin/make -f &quot;/home/titus/programming/c++/vkEngine/Exceptions/Makefile&quot;  VERBOSE=1 clean"/>
					<DistClean command="/usr/bin/make -f &quot;/home/titus/programming/c++/vkEngine/Exceptions/Makefile&quot;  VERBOSE=1 clean"/>
				</MakeCommands>
			</Target>
		</Build>
		<Unit filename="/home/titus/programming/c++/vkEngine/Exceptions/MoeExceptions.hpp">
			<Option target="moeExceptions"/>
		</Unit>
		<Unit filename="/home/titus/programming/c++/vkEngine/CMakeLists.txt">
			<Option virtualFolder="CMake Files\"/>
		</Unit>
		<Unit filename="/home/titus/programming/c++/vkEngine/vkRenderer/CMakeLists.txt">
			<Option virtualFolder="CMake Files\vkRenderer\"/>
		</Unit>
		<Unit filename="/home/titus/programming/c++/vkEngine/../../../../../usr/lib/x86_64-linux-gnu/cmake/SDL2/sdl2-config.cmake">
			<Option virtualFolder="CMake Files\..\..\..\..\..\usr\lib\x86_64-linux-gnu\cmake\SDL2\"/>
		</Unit>
		<Unit filename="/home/titus/programming/c++/vkEngine/Exceptions/CMakeLists.txt">
			<Option virtualFolder="CMake Files\Exceptions\"/>
		</Unit>
		<Unit filename="/home/titus/programming/c++/vkEngine/external/spdlog/CMakeLists.txt">
			<Option virtualFolder="CMake Files\external\spdlog\"/>
		</Unit>
		<Unit filename="/home/titus/programming/c++/vkEngine/external/spdlog/cmake/ide.cmake">
			<Option virtualFolder="CMake Files\external\spdlog\cmake\"/>
		</Unit>
		<Unit filename="/home/titus/programming/c++/vkEngine/external/spdlog/cmake/utils.cmake">
			<Option virtualFolder="CMake Files\external\spdlog\cmake\"/>
		</Unit>
	</Project>
</CodeBlocks_project_file>
